// !$*UTF8*$!
{
	archiveVersion = 1;
	classes = {
	};
	objectVersion = 46;
	objects = {

/* Begin PBXBuildFile section */
		154586CD1A3CB720005F9A7E /* main.m in Sources */ = {isa = PBXBuildFile; fileRef = 154586CC1A3CB720005F9A7E /* main.m */; };
		154586D01A3CB720005F9A7E /* AppDelegate.m in Sources */ = {isa = PBXBuildFile; fileRef = 154586CF1A3CB720005F9A7E /* AppDelegate.m */; };
		154586D31A3CB720005F9A7E /* Christmas_Card.xcdatamodeld in Sources */ = {isa = PBXBuildFile; fileRef = 154586D11A3CB720005F9A7E /* Christmas_Card.xcdatamodeld */; };
		154586D61A3CB720005F9A7E /* ViewController.m in Sources */ = {isa = PBXBuildFile; fileRef = 154586D51A3CB720005F9A7E /* ViewController.m */; };
		154586D91A3CB720005F9A7E /* Main.storyboard in Resources */ = {isa = PBXBuildFile; fileRef = 154586D71A3CB720005F9A7E /* Main.storyboard */; };
		154586DB1A3CB720005F9A7E /* Images.xcassets in Resources */ = {isa = PBXBuildFile; fileRef = 154586DA1A3CB720005F9A7E /* Images.xcassets */; };
		154586DE1A3CB720005F9A7E /* LaunchScreen.xib in Resources */ = {isa = PBXBuildFile; fileRef = 154586DC1A3CB720005F9A7E /* LaunchScreen.xib */; };
		154586EA1A3CB720005F9A7E /* Christmas_CardTests.m in Sources */ = {isa = PBXBuildFile; fileRef = 154586E91A3CB720005F9A7E /* Christmas_CardTests.m */; };
/* End PBXBuildFile section */

/* Begin PBXContainerItemProxy section */
		154586E41A3CB720005F9A7E /* PBXContainerItemProxy */ = {
			isa = PBXContainerItemProxy;
			containerPortal = 154586BF1A3CB71E005F9A7E /* Project object */;
			proxyType = 1;
			remoteGlobalIDString = 154586C61A3CB71F005F9A7E;
			remoteInfo = "Christmas Card";
		};
/* End PBXContainerItemProxy section */

/* Begin PBXFileReference section */
		154586C71A3CB71F005F9A7E /* Christmas Card.app */ = {isa = PBXFileReference; explicitFileType = wrapper.application; includeInIndex = 0; path = "Christmas Card.app"; sourceTree = BUILT_PRODUCTS_DIR; };
		154586CB1A3CB71F005F9A7E /* Info.plist */ = {isa = PBXFileReference; lastKnownFileType = text.plist.xml; path = Info.plist; sourceTree = "<group>"; };
		154586CC1A3CB720005F9A7E /* main.m */ = {isa = PBXFileReference; lastKnownFileType = sourcecode.c.objc; path = main.m; sourceTree = "<group>"; };
		154586CE1A3CB720005F9A7E /* AppDelegate.h */ = {isa = PBXFileReference; lastKnownFileType = sourcecode.c.h; path = AppDelegate.h; sourceTree = "<group>"; };
		154586CF1A3CB720005F9A7E /* AppDelegate.m */ = {isa = PBXFileReference; lastKnownFileType = sourcecode.c.objc; path = AppDelegate.m; sourceTree = "<group>"; };
		154586D21A3CB720005F9A7E /* Christmas_Card.xcdatamodel */ = {isa = PBXFileReference; lastKnownFileType = wrapper.xcdatamodel; path = Christmas_Card.xcdatamodel; sourceTree = "<group>"; };
		154586D41A3CB720005F9A7E /* ViewController.h */ = {isa = PBXFileReference; lastKnownFileType = sourcecode.c.h; path = ViewController.h; sourceTree = "<group>"; };
		154586D51A3CB720005F9A7E /* ViewController.m */ = {isa = PBXFileReference; lastKnownFileType = sourcecode.c.objc; path = ViewController.m; sourceTree = "<group>"; };
		154586D81A3CB720005F9A7E /* Base */ = {isa = PBXFileReference; lastKnownFileType = file.storyboard; name = Base; path = Base.lproj/Main.storyboard; sourceTree = "<group>"; };
		154586DA1A3CB720005F9A7E /* Images.xcassets */ = {isa = PBXFileReference; lastKnownFileType = folder.assetcatalog; path = Images.xcassets; sourceTree = "<group>"; };
		154586DD1A3CB720005F9A7E /* Base */ = {isa = PBXFileReference; lastKnownFileType = file.xib; name = Base; path = Base.lproj/LaunchScreen.xib; sourceTree = "<group>"; };
		154586E31A3CB720005F9A7E /* Christmas CardTests.xctest */ = {isa = PBXFileReference; explicitFileType = wrapper.cfbundle; includeInIndex = 0; path = "Christmas CardTests.xctest"; sourceTree = BUILT_PRODUCTS_DIR; };
		154586E81A3CB720005F9A7E /* Info.plist */ = {isa = PBXFileReference; lastKnownFileType = text.plist.xml; path = Info.plist; sourceTree = "<group>"; };
		154586E91A3CB720005F9A7E /* Christmas_CardTests.m */ = {isa = PBXFileReference; lastKnownFileType = sourcecode.c.objc; path = Christmas_CardTests.m; sourceTree = "<group>"; };
/* End PBXFileReference section */

/* Begin PBXFrameworksBuildPhase section */
		154586C41A3CB71F005F9A7E /* Frameworks */ = {
			isa = PBXFrameworksBuildPhase;
			buildActionMask = 2147483647;
			files = (
			);
			runOnlyForDeploymentPostprocessing = 0;
		};
		154586E01A3CB720005F9A7E /* Frameworks */ = {
			isa = PBXFrameworksBuildPhase;
			buildActionMask = 2147483647;
			files = (
			);
			runOnlyForDeploymentPostprocessing = 0;
		};
/* End PBXFrameworksBuildPhase section */

/* Begin PBXGroup section */
		154586BE1A3CB71E005F9A7E = {
			isa = PBXGroup;
			children = (
				154586C91A3CB71F005F9A7E /* Christmas Card */,
				154586E61A3CB720005F9A7E /* Christmas CardTests */,
				154586C81A3CB71F005F9A7E /* Products */,
			);
			sourceTree = "<group>";
		};
		154586C81A3CB71F005F9A7E /* Products */ = {
			isa = PBXGroup;
			children = (
				154586C71A3CB71F005F9A7E /* Christmas Card.app */,
				154586E31A3CB720005F9A7E /* Christmas CardTests.xctest */,
			);
			name = Products;
			sourceTree = "<group>";
		};
		154586C91A3CB71F005F9A7E /* Christmas Card */ = {
			isa = PBXGroup;
			children = (
				154586CE1A3CB720005F9A7E /* AppDelegate.h */,
				154586CF1A3CB720005F9A7E /* AppDelegate.m */,
				154586D41A3CB720005F9A7E /* ViewController.h */,
				154586D51A3CB720005F9A7E /* ViewController.m */,
				154586D71A3CB720005F9A7E /* Main.storyboard */,
				154586DA1A3CB720005F9A7E /* Images.xcassets */,
				154586DC1A3CB720005F9A7E /* LaunchScreen.xib */,
				154586D11A3CB720005F9A7E /* Christmas_Card.xcdatamodeld */,
				154586CA1A3CB71F005F9A7E /* Supporting Files */,
			);
			path = "Christmas Card";
			sourceTree = "<group>";
		};
		154586CA1A3CB71F005F9A7E /* Supporting Files */ = {
			isa = PBXGroup;
			children = (
				154586CB1A3CB71F005F9A7E /* Info.plist */,
				154586CC1A3CB720005F9A7E /* main.m */,
			);
			name = "Supporting Files";
			sourceTree = "<group>";
		};
		154586E61A3CB720005F9A7E /* Christmas CardTests */ = {
			isa = PBXGroup;
			children = (
				154586E91A3CB720005F9A7E /* Christmas_CardTests.m */,
				154586E71A3CB720005F9A7E /* Supporting Files */,
			);
			path = "Christmas CardTests";
			sourceTree = "<group>";
		};
		154586E71A3CB720005F9A7E /* Supporting Files */ = {
			isa = PBXGroup;
			children = (
				154586E81A3CB720005F9A7E /* Info.plist */,
			);
			name = "Supporting Files";
			sourceTree = "<group>";
		};
/* End PBXGroup section */

/* Begin PBXNativeTarget section */
		154586C61A3CB71F005F9A7E /* Christmas Card */ = {
			isa = PBXNativeTarget;
			buildConfigurationList = 154586ED1A3CB720005F9A7E /* Build configuration list for PBXNativeTarget "Christmas Card" */;
			buildPhases = (
				154586C31A3CB71F005F9A7E /* Sources */,
				154586C41A3CB71F005F9A7E /* Frameworks */,
				154586C51A3CB71F005F9A7E /* Resources */,
			);
			buildRules = (
			);
			dependencies = (
			);
			name = "Christmas Card";
			productName = "Christmas Card";
			productReference = 154586C71A3CB71F005F9A7E /* Christmas Card.app */;
			productType = "com.apple.product-type.application";
		};
		154586E21A3CB720005F9A7E /* Christmas CardTests */ = {
			isa = PBXNativeTarget;
			buildConfigurationList = 154586F01A3CB720005F9A7E /* Build configuration list for PBXNativeTarget "Christmas CardTests" */;
			buildPhases = (
				154586DF1A3CB720005F9A7E /* Sources */,
				154586E01A3CB720005F9A7E /* Frameworks */,
				154586E11A3CB720005F9A7E /* Resources */,
			);
			buildRules = (
			);
			dependencies = (
				154586E51A3CB720005F9A7E /* PBXTargetDependency */,
			);
			name = "Christmas CardTests";
			productName = "Christmas CardTests";
			productReference = 154586E31A3CB720005F9A7E /* Christmas CardTests.xctest */;
			productType = "com.apple.product-type.bundle.unit-test";
		};
/* End PBXNativeTarget section */

/* Begin PBXProject section */
		154586BF1A3CB71E005F9A7E /* Project object */ = {
			isa = PBXProject;
			attributes = {
				LastUpgradeCheck = 0610;
				ORGANIZATIONNAME = "Joshua Haines";
				TargetAttributes = {
					154586C61A3CB71F005F9A7E = {
						CreatedOnToolsVersion = 6.1.1;
					};
					154586E21A3CB720005F9A7E = {
						CreatedOnToolsVersion = 6.1.1;
						TestTargetID = 154586C61A3CB71F005F9A7E;
					};
				};
			};
			buildConfigurationList = 154586C21A3CB71E005F9A7E /* Build configuration list for PBXProject "Christmas Card" */;
			compatibilityVersion = "Xcode 3.2";
			developmentRegion = English;
			hasScannedForEncodings = 0;
			knownRegions = (
				en,
				Base,
			);
			mainGroup = 154586BE1A3CB71E005F9A7E;
			productRefGroup = 154586C81A3CB71F005F9A7E /* Products */;
			projectDirPath = "";
			projectRoot = "";
			targets = (
				154586C61A3CB71F005F9A7E /* Christmas Card */,
				154586E21A3CB720005F9A7E /* Christmas CardTests */,
			);
		};
/* End PBXProject section */

/* Begin PBXResourcesBuildPhase section */
		154586C51A3CB71F005F9A7E /* Resources */ = {
			isa = PBXResourcesBuildPhase;
			buildActionMask = 2147483647;
			files = (
				154586D91A3CB720005F9A7E /* Main.storyboard in Resources */,
				154586DE1A3CB720005F9A7E /* LaunchScreen.xib in Resources */,
				154586DB1A3CB720005F9A7E /* Images.xcassets in Resources */,
			);
			runOnlyForDeploymentPostprocessing = 0;
		};
		154586E11A3CB720005F9A7E /* Resources */ = {
			isa = PBXResourcesBuildPhase;
			buildActionMask = 2147483647;
			files = (
			);
			runOnlyForDeploymentPostprocessing = 0;
		};
/* End PBXResourcesBuildPhase section */

/* Begin PBXSourcesBuildPhase section */
		154586C31A3CB71F005F9A7E /* Sources */ = {
			isa = PBXSourcesBuildPhase;
			buildActionMask = 2147483647;
			files = (
				154586D01A3CB720005F9A7E /* AppDelegate.m in Sources */,
				154586D31A3CB720005F9A7E /* Christmas_Card.xcdatamodeld in Sources */,
				154586D61A3CB720005F9A7E /* ViewController.m in Sources */,
				154586CD1A3CB720005F9A7E /* main.m in Sources */,
			);
			runOnlyForDeploymentPostprocessing = 0;
		};
		154586DF1A3CB720005F9A7E /* Sources */ = {
			isa = PBXSourcesBuildPhase;
			buildActionMask = 2147483647;
			files = (
				154586EA1A3CB720005F9A7E /* Christmas_CardTests.m in Sources */,
			);
			runOnlyForDeploymentPostprocessing = 0;
		};
/* End PBXSourcesBuildPhase section */

/* Begin PBXTargetDependency section */
		154586E51A3CB720005F9A7E /* PBXTargetDependency */ = {
			isa = PBXTargetDependency;
			target = 154586C61A3CB71F005F9A7E /* Christmas Card */;
			targetProxy = 154586E41A3CB720005F9A7E /* PBXContainerItemProxy */;
		};
/* End PBXTargetDependency section */

/* Begin PBXVariantGroup section */
		154586D71A3CB720005F9A7E /* Main.storyboard */ = {
			isa = PBXVariantGroup;
			children = (
				154586D81A3CB720005F9A7E /* Base */,
			);
			name = Main.storyboard;
			sourceTree = "<group>";
		};
		154586DC1A3CB720005F9A7E /* LaunchScreen.xib */ = {
			isa = PBXVariantGroup;
			children = (
				154586DD1A3CB720005F9A7E /* Base */,
			);
			name = LaunchScreen.xib;
			sourceTree = "<group>";
		};
/* End PBXVariantGroup section */

/* Begin XCBuildConfiguration section */
		154586EB1A3CB720005F9A7E /* Debug */ = {
			isa = XCBuildConfiguration;
			buildSettings = {
				ALWAYS_SEARCH_USER_PATHS = NO;
				CLANG_CXX_LANGUAGE_STANDARD = "gnu++0x";
				CLANG_CXX_LIBRARY = "libc++";
				CLANG_ENABLE_MODULES = YES;
				CLANG_ENABLE_OBJC_ARC = YES;
				CLANG_WARN_BOOL_CONVERSION = YES;
				CLANG_WARN_CONSTANT_CONVERSION = YES;
				CLANG_WARN_DIRECT_OBJC_ISA_USAGE = YES_ERROR;
				CLANG_WARN_EMPTY_BODY = YES;
				CLANG_WARN_ENUM_CONVERSION = YES;
				CLANG_WARN_INT_CONVERSION = YES;
				CLANG_WARN_OBJC_ROOT_CLASS = YES_ERROR;
				CLANG_WARN_UNREACHABLE_CODE = YES;
				CLANG_WARN__DUPLICATE_METHOD_MATCH = YES;
				"CODE_SIGN_IDENTITY[sdk=iphoneos*]" = "iPhone Developer";
				COPY_PHASE_STRIP = NO;
				ENABLE_STRICT_OBJC_MSGSEND = YES;
				GCC_C_LANGUAGE_STANDARD = gnu99;
				GCC_DYNAMIC_NO_PIC = NO;
				GCC_OPTIMIZATION_LEVEL = 0;
				GCC_PREPROCESSOR_DEFINITIONS = (
					"DEBUG=1",
					"$(inherited)",
				);
				GCC_SYMBOLS_PRIVATE_EXTERN = NO;
				GCC_WARN_64_TO_32_BIT_CONVERSION = YES;
				GCC_WARN_ABOUT_RETURN_TYPE = YES_ERROR;
				GCC_WARN_UNDECLARED_SELECTOR = YES;
				GCC_WARN_UNINITIALIZED_AUTOS = YES_AGGRESSIVE;
				GCC_WARN_UNUSED_FUNCTION = YES;
				GCC_WARN_UNUSED_VARIABLE = YES;
				IPHONEOS_DEPLOYMENT_TARGET = 8.1;
				MTL_ENABLE_DEBUG_INFO = YES;
				ONLY_ACTIVE_ARCH = YES;
				SDKROOT = iphoneos;
			};
			name = Debug;
		};
		154586EC1A3CB720005F9A7E /* Release */ = {
			isa = XCBuildConfiguration;
			buildSettings = {
				ALWAYS_SEARCH_USER_PATHS = NO;
				CLANG_CXX_LANGUAGE_STANDARD = "gnu++0x";
				CLANG_CXX_LIBRARY = "libc++";
				CLANG_ENABLE_MODULES = YES;
				CLANG_ENABLE_OBJC_ARC = YES;
				CLANG_WARN_BOOL_CONVERSION = YES;
				CLANG_WARN_CONSTANT_CONVERSION = YES;
				CLANG_WARN_DIRECT_OBJC_ISA_USAGE = YES_ERROR;
				CLANG_WARN_EMPTY_BODY = YES;
				CLANG_WARN_ENUM_CONVERSION = YES;
				CLANG_WARN_INT_CONVERSION = YES;
				CLANG_WARN_OBJC_ROOT_CLASS = YES_ERROR;
				CLANG_WARN_UNREACHABLE_CODE = YES;
				CLANG_WARN__DUPLICATE_METHOD_MATCH = YES;
				"CODE_SIGN_IDENTITY[sdk=iphoneos*]" = "iPhone Developer";
				COPY_PHASE_STRIP = YES;
				ENABLE_NS_ASSERTIONS = NO;
				ENABLE_STRICT_OBJC_MSGSEND = YES;
				GCC_C_LANGUAGE_STANDARD = gnu99;
				GCC_WARN_64_TO_32_BIT_CONVERSION = YES;
				GCC_WARN_ABOUT_RETURN_TYPE = YES_ERROR;
				GCC_WARN_UNDECLARED_SELECTOR = YES;
				GCC_WARN_UNINITIALIZED_AUTOS = YES_AGGRESSIVE;
				GCC_WARN_UNUSED_FUNCTION = YES;
				GCC_WARN_UNUSED_VARIABLE = YES;
				IPHONEOS_DEPLOYMENT_TARGET = 8.1;
				MTL_ENABLE_DEBUG_INFO = NO;
				SDKROOT = iphoneos;
				VALIDATE_PRODUCT = YES;
			};
			name = Release;
		};
		154586EE1A3CB720005F9A7E /* Debug */ = {
			isa = XCBuildConfiguration;
			buildSettings = {
				ASSETCATALOG_COMPILER_APPICON_NAME = AppIcon;
				INFOPLIST_FILE = "Christmas Card/Info.plist";
				LD_RUNPATH_SEARCH_PATHS = "$(inherited) @executable_path/Frameworks";
				PRODUCT_NAME = "$(TARGET_NAME)";
			};
			name = Debug;
		};
		154586EF1A3CB720005F9A7E /* Release */ = {
			isa = XCBuildConfiguration;
			buildSettings = {
				ASSETCATALOG_COMPILER_APPICON_NAME = AppIcon;
				INFOPLIST_FILE = "Christmas Card/Info.plist";
				LD_RUNPATH_SEARCH_PATHS = "$(inherited) @executable_path/Frameworks";
				PRODUCT_NAME = "$(TARGET_NAME)";
			};
			name = Release;
		};
		154586F11A3CB720005F9A7E /* Debug */ = {
			isa = XCBuildConfiguration;
			buildSettings = {
				BUNDLE_LOADER = "$(TEST_HOST)";
				FRAMEWORK_SEARCH_PATHS = (
					"$(SDKROOT)/Developer/Library/Frameworks",
					"$(inherited)",
				);
				GCC_PREPROCESSOR_DEFINITIONS = (
					"DEBUG=1",
					"$(inherited)",
				);
				INFOPLIST_FILE = "Christmas CardTests/Info.plist";
				LD_RUNPATH_SEARCH_PATHS = "$(inherited) @executable_path/Frameworks @loader_path/Frameworks";
				PRODUCT_NAME = "$(TARGET_NAME)";
				TEST_HOST = "$(BUILT_PRODUCTS_DIR)/Christmas Card.app/Christmas Card";
			};
			name = Debug;
		};
		154586F21A3CB720005F9A7E /* Release */ = {
			isa = XCBuildConfiguration;
			buildSettings = {
				BUNDLE_LOADER = "$(TEST_HOST)";
				FRAMEWORK_SEARCH_PATHS = (
					"$(SDKROOT)/Developer/Library/Frameworks",
					"$(inherited)",
				);
				INFOPLIST_FILE = "Christmas CardTests/Info.plist";
				LD_RUNPATH_SEARCH_PATHS = "$(inherited) @executable_path/Frameworks @loader_path/Frameworks";
				PRODUCT_NAME = "$(TARGET_NAME)";
				TEST_HOST = "$(BUILT_PRODUCTS_DIR)/Christmas Card.app/Christmas Card";
			};
			name = Release;
		};
/* End XCBuildConfiguration section */

/* Begin XCConfigurationList section */
		154586C21A3CB71E005F9A7E /* Build configuration list for PBXProject "Christmas Card" */ = {
			isa = XCConfigurationList;
			buildConfigurations = (
				154586EB1A3CB720005F9A7E /* Debug */,
				154586EC1A3CB720005F9A7E /* Release */,
			);
			defaultConfigurationIsVisible = 0;
			defaultConfigurationName = Release;
		};
		154586ED1A3CB720005F9A7E /* Build configuration list for PBXNativeTarget "Christmas Card" */ = {
			isa = XCConfigurationList;
			buildConfigurations = (
				154586EE1A3CB720005F9A7E /* Debug */,
				154586EF1A3CB720005F9A7E /* Release */,
			);
			defaultConfigurationIsVisible = 0;
		};
		154586F01A3CB720005F9A7E /* Build configuration list for PBXNativeTarget "Christmas CardTests" */ = {
			isa = XCConfigurationList;
			buildConfigurations = (
				154586F11A3CB720005F9A7E /* Debug */,
				154586F21A3CB720005F9A7E /* Release */,
			);
			defaultConfigurationIsVisible = 0;
		};
/* End XCConfigurationList section */

/* Begin XCVersionGroup section */
		154586D11A3CB720005F9A7E /* Christmas_Card.xcdatamodeld */ = {
			isa = XCVersionGroup;
			children = (
				154586D21A3CB720005F9A7E /* Christmas_Card.xcdatamodel */,
			);
			currentVersion = 154586D21A3CB720005F9A7E /* Christmas_Card.xcdatamodel */;
			path = Christmas_Card.xcdatamodeld;
			sourceTree = "<group>";
			versionGroupType = wrapper.xcdatamodel;
		};
/* End XCVersionGroup section */
	};
	rootObject = 154586BF1A3CB71E005F9A7E /* Project object */;
}
